// !$*UTF8*$!
{
	archiveVersion = 1;
	classes = {
	};
	objectVersion = 56;
	objects = {

/* Begin PBXBuildFile section */
		858D8BAD29B5EB9700B3AFD0 /* AppDelegate.swift in Sources */ = {isa = PBXBuildFile; fileRef = 858D8BAC29B5EB9700B3AFD0 /* AppDelegate.swift */; };
		858D8BAF29B5EB9700B3AFD0 /* SceneDelegate.swift in Sources */ = {isa = PBXBuildFile; fileRef = 858D8BAE29B5EB9700B3AFD0 /* SceneDelegate.swift */; };
		858D8BB429B5EB9700B3AFD0 /* Main.storyboard in Resources */ = {isa = PBXBuildFile; fileRef = 858D8BB229B5EB9700B3AFD0 /* Main.storyboard */; };
		858D8BB629B5EB9E00B3AFD0 /* Assets.xcassets in Resources */ = {isa = PBXBuildFile; fileRef = 858D8BB529B5EB9E00B3AFD0 /* Assets.xcassets */; };
		858D8BB929B5EB9E00B3AFD0 /* LaunchScreen.storyboard in Resources */ = {isa = PBXBuildFile; fileRef = 858D8BB729B5EB9E00B3AFD0 /* LaunchScreen.storyboard */; };
		858D8BC129B5EC7900B3AFD0 /* Constants.swift in Sources */ = {isa = PBXBuildFile; fileRef = 858D8BC029B5EC7900B3AFD0 /* Constants.swift */; };
		858D8BC429B5F6C700B3AFD0 /* LoginViewController.swift in Sources */ = {isa = PBXBuildFile; fileRef = 858D8BC329B5F6C700B3AFD0 /* LoginViewController.swift */; };
		858D8BC629B5F6DA00B3AFD0 /* RegisterViewController.swift in Sources */ = {isa = PBXBuildFile; fileRef = 858D8BC529B5F6DA00B3AFD0 /* RegisterViewController.swift */; };
		858D8BC829B5F6ED00B3AFD0 /* ChatViewController.swift in Sources */ = {isa = PBXBuildFile; fileRef = 858D8BC729B5F6ED00B3AFD0 /* ChatViewController.swift */; };
		858D8BCA29B5F70000B3AFD0 /* Message.swift in Sources */ = {isa = PBXBuildFile; fileRef = 858D8BC929B5F70000B3AFD0 /* Message.swift */; };
		8597CBBD2A0A8C9B001C5232 /* AuthService.swift in Sources */ = {isa = PBXBuildFile; fileRef = 8597CBBC2A0A8C9B001C5232 /* AuthService.swift */; };
		8597CBC52A0D260D001C5232 /* MessageCell.swift in Sources */ = {isa = PBXBuildFile; fileRef = 8597CBC32A0D260D001C5232 /* MessageCell.swift */; };
		8597CBC62A0D260D001C5232 /* MessageCell.xib in Resources */ = {isa = PBXBuildFile; fileRef = 8597CBC42A0D260D001C5232 /* MessageCell.xib */; };
		8597CBC92A0D264A001C5232 /* ContactCell.swift in Sources */ = {isa = PBXBuildFile; fileRef = 8597CBC72A0D264A001C5232 /* ContactCell.swift */; };
		8597CBCA2A0D264A001C5232 /* ContactCell.xib in Resources */ = {isa = PBXBuildFile; fileRef = 8597CBC82A0D264A001C5232 /* ContactCell.xib */; };
		8597CBCC2A0D4EF7001C5232 /* SearchViewController.swift in Sources */ = {isa = PBXBuildFile; fileRef = 8597CBCB2A0D4EF6001C5232 /* SearchViewController.swift */; };
		8597CBCE2A0D4F11001C5232 /* ChatListViewController.swift in Sources */ = {isa = PBXBuildFile; fileRef = 8597CBCD2A0D4F11001C5232 /* ChatListViewController.swift */; };
		8597CBD02A0D4F75001C5232 /* User.swift in Sources */ = {isa = PBXBuildFile; fileRef = 8597CBCF2A0D4F75001C5232 /* User.swift */; };
		85A8A1A429BA2B9300DBAC15 /* GoogleService-Info.plist in Resources */ = {isa = PBXBuildFile; fileRef = 85A8A1A329BA2B9300DBAC15 /* GoogleService-Info.plist */; };
		85A8A1A729BA2CE600DBAC15 /* IQKeyboardManagerSwift in Frameworks */ = {isa = PBXBuildFile; productRef = 85A8A1A629BA2CE600DBAC15 /* IQKeyboardManagerSwift */; };
		85A8A1AA29BA362A00DBAC15 /* FirebaseAuth in Frameworks */ = {isa = PBXBuildFile; productRef = 85A8A1A929BA362A00DBAC15 /* FirebaseAuth */; };
		85A8A1AC29BA362A00DBAC15 /* FirebaseFirestore in Frameworks */ = {isa = PBXBuildFile; productRef = 85A8A1AB29BA362A00DBAC15 /* FirebaseFirestore */; };
		85D17B582A12632300D74793 /* Contact.swift in Sources */ = {isa = PBXBuildFile; fileRef = 85D17B572A12632300D74793 /* Contact.swift */; };
		D314F0082A2760AC00B4B4FD /* ProfileViewController.swift in Sources */ = {isa = PBXBuildFile; fileRef = D314F0072A2760AC00B4B4FD /* ProfileViewController.swift */; };
		D314F00A2A27714400B4B4FD /* FirebaseStorage in Frameworks */ = {isa = PBXBuildFile; productRef = D314F0092A27714400B4B4FD /* FirebaseStorage */; };
		D314F00C2A277F1600B4B4FD /* ImageStorage.swift in Sources */ = {isa = PBXBuildFile; fileRef = D314F00B2A277F1500B4B4FD /* ImageStorage.swift */; };
		D32AB0DA2A1FBAEE004899C2 /* FirebaseDatabase in Frameworks */ = {isa = PBXBuildFile; productRef = D32AB0D92A1FBAEE004899C2 /* FirebaseDatabase */; };
		D32AB0DC2A1FBAEE004899C2 /* FirebaseDatabaseSwift in Frameworks */ = {isa = PBXBuildFile; productRef = D32AB0DB2A1FBAEE004899C2 /* FirebaseDatabaseSwift */; };
		D32AB0DE2A20ACD7004899C2 /* Chat.swift in Sources */ = {isa = PBXBuildFile; fileRef = D32AB0DD2A20ACD7004899C2 /* Chat.swift */; };
		D32AB0E02A20D629004899C2 /* ChatRepository.swift in Sources */ = {isa = PBXBuildFile; fileRef = D32AB0DF2A20D629004899C2 /* ChatRepository.swift */; };
		D33386C62A261DE800A4A8F4 /* StartViewController.swift in Sources */ = {isa = PBXBuildFile; fileRef = D33386C52A261DE800A4A8F4 /* StartViewController.swift */; };
/* End PBXBuildFile section */

/* Begin PBXFileReference section */
		858D8BA929B5EB9700B3AFD0 /* KoalaChat.app */ = {isa = PBXFileReference; explicitFileType = wrapper.application; includeInIndex = 0; path = KoalaChat.app; sourceTree = BUILT_PRODUCTS_DIR; };
		858D8BAC29B5EB9700B3AFD0 /* AppDelegate.swift */ = {isa = PBXFileReference; lastKnownFileType = sourcecode.swift; path = AppDelegate.swift; sourceTree = "<group>"; };
		858D8BAE29B5EB9700B3AFD0 /* SceneDelegate.swift */ = {isa = PBXFileReference; lastKnownFileType = sourcecode.swift; path = SceneDelegate.swift; sourceTree = "<group>"; };
		858D8BB329B5EB9700B3AFD0 /* Base */ = {isa = PBXFileReference; lastKnownFileType = file.storyboard; name = Base; path = Base.lproj/Main.storyboard; sourceTree = "<group>"; };
		858D8BB529B5EB9E00B3AFD0 /* Assets.xcassets */ = {isa = PBXFileReference; lastKnownFileType = folder.assetcatalog; path = Assets.xcassets; sourceTree = "<group>"; };
		858D8BB829B5EB9E00B3AFD0 /* Base */ = {isa = PBXFileReference; lastKnownFileType = file.storyboard; name = Base; path = Base.lproj/LaunchScreen.storyboard; sourceTree = "<group>"; };
		858D8BBA29B5EB9E00B3AFD0 /* Info.plist */ = {isa = PBXFileReference; lastKnownFileType = text.plist.xml; path = Info.plist; sourceTree = "<group>"; };
		858D8BC029B5EC7900B3AFD0 /* Constants.swift */ = {isa = PBXFileReference; lastKnownFileType = sourcecode.swift; path = Constants.swift; sourceTree = "<group>"; };
		858D8BC329B5F6C700B3AFD0 /* LoginViewController.swift */ = {isa = PBXFileReference; lastKnownFileType = sourcecode.swift; path = LoginViewController.swift; sourceTree = "<group>"; };
		858D8BC529B5F6DA00B3AFD0 /* RegisterViewController.swift */ = {isa = PBXFileReference; lastKnownFileType = sourcecode.swift; path = RegisterViewController.swift; sourceTree = "<group>"; };
		858D8BC729B5F6ED00B3AFD0 /* ChatViewController.swift */ = {isa = PBXFileReference; lastKnownFileType = sourcecode.swift; path = ChatViewController.swift; sourceTree = "<group>"; };
		858D8BC929B5F70000B3AFD0 /* Message.swift */ = {isa = PBXFileReference; lastKnownFileType = sourcecode.swift; path = Message.swift; sourceTree = "<group>"; };
		8597CBBC2A0A8C9B001C5232 /* AuthService.swift */ = {isa = PBXFileReference; lastKnownFileType = sourcecode.swift; path = AuthService.swift; sourceTree = "<group>"; };
		8597CBC32A0D260D001C5232 /* MessageCell.swift */ = {isa = PBXFileReference; lastKnownFileType = sourcecode.swift; path = MessageCell.swift; sourceTree = "<group>"; };
		8597CBC42A0D260D001C5232 /* MessageCell.xib */ = {isa = PBXFileReference; lastKnownFileType = file.xib; path = MessageCell.xib; sourceTree = "<group>"; };
		8597CBC72A0D264A001C5232 /* ContactCell.swift */ = {isa = PBXFileReference; lastKnownFileType = sourcecode.swift; path = ContactCell.swift; sourceTree = "<group>"; };
		8597CBC82A0D264A001C5232 /* ContactCell.xib */ = {isa = PBXFileReference; lastKnownFileType = file.xib; path = ContactCell.xib; sourceTree = "<group>"; };
		8597CBCB2A0D4EF6001C5232 /* SearchViewController.swift */ = {isa = PBXFileReference; lastKnownFileType = sourcecode.swift; path = SearchViewController.swift; sourceTree = "<group>"; };
		8597CBCD2A0D4F11001C5232 /* ChatListViewController.swift */ = {isa = PBXFileReference; lastKnownFileType = sourcecode.swift; path = ChatListViewController.swift; sourceTree = "<group>"; };
		8597CBCF2A0D4F75001C5232 /* User.swift */ = {isa = PBXFileReference; lastKnownFileType = sourcecode.swift; path = User.swift; sourceTree = "<group>"; };
		85A8A1A329BA2B9300DBAC15 /* GoogleService-Info.plist */ = {isa = PBXFileReference; fileEncoding = 4; lastKnownFileType = text.plist.xml; path = "GoogleService-Info.plist"; sourceTree = "<group>"; };
		85D17B572A12632300D74793 /* Contact.swift */ = {isa = PBXFileReference; lastKnownFileType = sourcecode.swift; path = Contact.swift; sourceTree = "<group>"; };
		D314F0072A2760AC00B4B4FD /* ProfileViewController.swift */ = {isa = PBXFileReference; lastKnownFileType = sourcecode.swift; path = ProfileViewController.swift; sourceTree = "<group>"; };
		D314F00B2A277F1500B4B4FD /* ImageStorage.swift */ = {isa = PBXFileReference; lastKnownFileType = sourcecode.swift; path = ImageStorage.swift; sourceTree = "<group>"; };
		D32AB0DD2A20ACD7004899C2 /* Chat.swift */ = {isa = PBXFileReference; lastKnownFileType = sourcecode.swift; path = Chat.swift; sourceTree = "<group>"; };
		D32AB0DF2A20D629004899C2 /* ChatRepository.swift */ = {isa = PBXFileReference; lastKnownFileType = sourcecode.swift; path = ChatRepository.swift; sourceTree = "<group>"; };
		D33386C52A261DE800A4A8F4 /* StartViewController.swift */ = {isa = PBXFileReference; lastKnownFileType = sourcecode.swift; path = StartViewController.swift; sourceTree = "<group>"; };
/* End PBXFileReference section */

/* Begin PBXFrameworksBuildPhase section */
		858D8BA629B5EB9700B3AFD0 /* Frameworks */ = {
			isa = PBXFrameworksBuildPhase;
			buildActionMask = 2147483647;
			files = (
				D32AB0DC2A1FBAEE004899C2 /* FirebaseDatabaseSwift in Frameworks */,
				85A8A1A729BA2CE600DBAC15 /* IQKeyboardManagerSwift in Frameworks */,
				85A8A1AA29BA362A00DBAC15 /* FirebaseAuth in Frameworks */,
				D32AB0DA2A1FBAEE004899C2 /* FirebaseDatabase in Frameworks */,
				85A8A1AC29BA362A00DBAC15 /* FirebaseFirestore in Frameworks */,
				D314F00A2A27714400B4B4FD /* FirebaseStorage in Frameworks */,
			);
			runOnlyForDeploymentPostprocessing = 0;
		};
/* End PBXFrameworksBuildPhase section */

/* Begin PBXGroup section */
		858D8BA029B5EB9700B3AFD0 = {
			isa = PBXGroup;
			children = (
				858D8BAB29B5EB9700B3AFD0 /* KoalaChat */,
				858D8BAA29B5EB9700B3AFD0 /* Products */,
				D32AB0D82A1FBAEE004899C2 /* Frameworks */,
			);
			sourceTree = "<group>";
		};
		858D8BAA29B5EB9700B3AFD0 /* Products */ = {
			isa = PBXGroup;
			children = (
				858D8BA929B5EB9700B3AFD0 /* KoalaChat.app */,
			);
			name = Products;
			sourceTree = "<group>";
		};
		858D8BAB29B5EB9700B3AFD0 /* KoalaChat */ = {
			isa = PBXGroup;
			children = (
				858D8BAC29B5EB9700B3AFD0 /* AppDelegate.swift */,
				858D8BAE29B5EB9700B3AFD0 /* SceneDelegate.swift */,
				858D8BC029B5EC7900B3AFD0 /* Constants.swift */,
				85D17B5B2A13B5DD00D74793 /* Firebase */,
				858D8BCB29B5F70500B3AFD0 /* Model */,
				858D8BC229B5F69900B3AFD0 /* ViewController */,
				8597CBC22A0D25CA001C5232 /* View */,
				858D8BB529B5EB9E00B3AFD0 /* Assets.xcassets */,
				858D8BB729B5EB9E00B3AFD0 /* LaunchScreen.storyboard */,
				858D8BBA29B5EB9E00B3AFD0 /* Info.plist */,
				85A8A1A329BA2B9300DBAC15 /* GoogleService-Info.plist */,
			);
			path = KoalaChat;
			sourceTree = "<group>";
		};
		858D8BC229B5F69900B3AFD0 /* ViewController */ = {
			isa = PBXGroup;
			children = (
				D33386C52A261DE800A4A8F4 /* StartViewController.swift */,
				858D8BC329B5F6C700B3AFD0 /* LoginViewController.swift */,
				858D8BC529B5F6DA00B3AFD0 /* RegisterViewController.swift */,
				858D8BC729B5F6ED00B3AFD0 /* ChatViewController.swift */,
				8597CBCD2A0D4F11001C5232 /* ChatListViewController.swift */,
				8597CBCB2A0D4EF6001C5232 /* SearchViewController.swift */,
				D314F0072A2760AC00B4B4FD /* ProfileViewController.swift */,
			);
			path = ViewController;
			sourceTree = "<group>";
		};
		858D8BCB29B5F70500B3AFD0 /* Model */ = {
			isa = PBXGroup;
			children = (
				858D8BC929B5F70000B3AFD0 /* Message.swift */,
				8597CBCF2A0D4F75001C5232 /* User.swift */,
				85D17B572A12632300D74793 /* Contact.swift */,
				D32AB0DD2A20ACD7004899C2 /* Chat.swift */,
			);
			path = Model;
			sourceTree = "<group>";
		};
		8597CBC22A0D25CA001C5232 /* View */ = {
			isa = PBXGroup;
			children = (
				858D8BB229B5EB9700B3AFD0 /* Main.storyboard */,
				8597CBC32A0D260D001C5232 /* MessageCell.swift */,
				8597CBC42A0D260D001C5232 /* MessageCell.xib */,
				8597CBC72A0D264A001C5232 /* ContactCell.swift */,
				8597CBC82A0D264A001C5232 /* ContactCell.xib */,
			);
			path = View;
			sourceTree = "<group>";
		};
		85D17B5B2A13B5DD00D74793 /* Firebase */ = {
			isa = PBXGroup;
			children = (
				8597CBBC2A0A8C9B001C5232 /* AuthService.swift */,
				D32AB0DF2A20D629004899C2 /* ChatRepository.swift */,
				D314F00B2A277F1500B4B4FD /* ImageStorage.swift */,
			);
			path = Firebase;
			sourceTree = "<group>";
		};
		D32AB0D82A1FBAEE004899C2 /* Frameworks */ = {
			isa = PBXGroup;
			children = (
			);
			name = Frameworks;
			sourceTree = "<group>";
		};
/* End PBXGroup section */

/* Begin PBXNativeTarget section */
		858D8BA829B5EB9700B3AFD0 /* KoalaChat */ = {
			isa = PBXNativeTarget;
			buildConfigurationList = 858D8BBD29B5EB9E00B3AFD0 /* Build configuration list for PBXNativeTarget "KoalaChat" */;
			buildPhases = (
				858D8BA529B5EB9700B3AFD0 /* Sources */,
				858D8BA629B5EB9700B3AFD0 /* Frameworks */,
				858D8BA729B5EB9700B3AFD0 /* Resources */,
			);
			buildRules = (
			);
			dependencies = (
			);
			name = KoalaChat;
			packageProductDependencies = (
				85A8A1A629BA2CE600DBAC15 /* IQKeyboardManagerSwift */,
				85A8A1A929BA362A00DBAC15 /* FirebaseAuth */,
				85A8A1AB29BA362A00DBAC15 /* FirebaseFirestore */,
				D32AB0D92A1FBAEE004899C2 /* FirebaseDatabase */,
				D32AB0DB2A1FBAEE004899C2 /* FirebaseDatabaseSwift */,
				D314F0092A27714400B4B4FD /* FirebaseStorage */,
			);
			productName = KoalaChat;
			productReference = 858D8BA929B5EB9700B3AFD0 /* KoalaChat.app */;
			productType = "com.apple.product-type.application";
		};
/* End PBXNativeTarget section */

/* Begin PBXProject section */
		858D8BA129B5EB9700B3AFD0 /* Project object */ = {
			isa = PBXProject;
			attributes = {
				BuildIndependentTargetsInParallel = 1;
				LastSwiftUpdateCheck = 1420;
				LastUpgradeCheck = 1420;
				TargetAttributes = {
					858D8BA829B5EB9700B3AFD0 = {
						CreatedOnToolsVersion = 14.2;
					};
				};
			};
			buildConfigurationList = 858D8BA429B5EB9700B3AFD0 /* Build configuration list for PBXProject "KoalaChat" */;
			compatibilityVersion = "Xcode 14.0";
			developmentRegion = en;
			hasScannedForEncodings = 0;
			knownRegions = (
				en,
				Base,
			);
			mainGroup = 858D8BA029B5EB9700B3AFD0;
			packageReferences = (
				85A8A1A529BA2CE600DBAC15 /* XCRemoteSwiftPackageReference "IQKeyboardManager" */,
				85A8A1A829BA362A00DBAC15 /* XCRemoteSwiftPackageReference "firebase-ios-sdk" */,
			);
			productRefGroup = 858D8BAA29B5EB9700B3AFD0 /* Products */;
			projectDirPath = "";
			projectRoot = "";
			targets = (
				858D8BA829B5EB9700B3AFD0 /* KoalaChat */,
			);
		};
/* End PBXProject section */

/* Begin PBXResourcesBuildPhase section */
		858D8BA729B5EB9700B3AFD0 /* Resources */ = {
			isa = PBXResourcesBuildPhase;
			buildActionMask = 2147483647;
			files = (
				8597CBCA2A0D264A001C5232 /* ContactCell.xib in Resources */,
				8597CBC62A0D260D001C5232 /* MessageCell.xib in Resources */,
				858D8BB929B5EB9E00B3AFD0 /* LaunchScreen.storyboard in Resources */,
				85A8A1A429BA2B9300DBAC15 /* GoogleService-Info.plist in Resources */,
				858D8BB629B5EB9E00B3AFD0 /* Assets.xcassets in Resources */,
				858D8BB429B5EB9700B3AFD0 /* Main.storyboard in Resources */,
			);
			runOnlyForDeploymentPostprocessing = 0;
		};
/* End PBXResourcesBuildPhase section */

/* Begin PBXSourcesBuildPhase section */
		858D8BA529B5EB9700B3AFD0 /* Sources */ = {
			isa = PBXSourcesBuildPhase;
			buildActionMask = 2147483647;
			files = (
				8597CBCE2A0D4F11001C5232 /* ChatListViewController.swift in Sources */,
				8597CBC52A0D260D001C5232 /* MessageCell.swift in Sources */,
				85D17B582A12632300D74793 /* Contact.swift in Sources */,
				D33386C62A261DE800A4A8F4 /* StartViewController.swift in Sources */,
				D32AB0E02A20D629004899C2 /* ChatRepository.swift in Sources */,
				858D8BAD29B5EB9700B3AFD0 /* AppDelegate.swift in Sources */,
				D314F0082A2760AC00B4B4FD /* ProfileViewController.swift in Sources */,
				858D8BAF29B5EB9700B3AFD0 /* SceneDelegate.swift in Sources */,
				8597CBBD2A0A8C9B001C5232 /* AuthService.swift in Sources */,
				8597CBD02A0D4F75001C5232 /* User.swift in Sources */,
				858D8BC829B5F6ED00B3AFD0 /* ChatViewController.swift in Sources */,
				8597CBCC2A0D4EF7001C5232 /* SearchViewController.swift in Sources */,
				8597CBC92A0D264A001C5232 /* ContactCell.swift in Sources */,
				858D8BC629B5F6DA00B3AFD0 /* RegisterViewController.swift in Sources */,
				D32AB0DE2A20ACD7004899C2 /* Chat.swift in Sources */,
				858D8BCA29B5F70000B3AFD0 /* Message.swift in Sources */,
				858D8BC429B5F6C700B3AFD0 /* LoginViewController.swift in Sources */,
				858D8BC129B5EC7900B3AFD0 /* Constants.swift in Sources */,
				D314F00C2A277F1600B4B4FD /* ImageStorage.swift in Sources */,
			);
			runOnlyForDeploymentPostprocessing = 0;
		};
/* End PBXSourcesBuildPhase section */

/* Begin PBXVariantGroup section */
		858D8BB229B5EB9700B3AFD0 /* Main.storyboard */ = {
			isa = PBXVariantGroup;
			children = (
				858D8BB329B5EB9700B3AFD0 /* Base */,
			);
			name = Main.storyboard;
			sourceTree = "<group>";
		};
		858D8BB729B5EB9E00B3AFD0 /* LaunchScreen.storyboard */ = {
			isa = PBXVariantGroup;
			children = (
				858D8BB829B5EB9E00B3AFD0 /* Base */,
			);
			name = LaunchScreen.storyboard;
			sourceTree = "<group>";
		};
/* End PBXVariantGroup section */

/* Begin XCBuildConfiguration section */
		858D8BBB29B5EB9E00B3AFD0 /* Debug */ = {
			isa = XCBuildConfiguration;
			buildSettings = {
				ALWAYS_SEARCH_USER_PATHS = NO;
				CLANG_ANALYZER_NONNULL = YES;
				CLANG_ANALYZER_NUMBER_OBJECT_CONVERSION = YES_AGGRESSIVE;
				CLANG_CXX_LANGUAGE_STANDARD = "gnu++20";
				CLANG_ENABLE_MODULES = YES;
				CLANG_ENABLE_OBJC_ARC = YES;
				CLANG_ENABLE_OBJC_WEAK = YES;
				CLANG_WARN_BLOCK_CAPTURE_AUTORELEASING = YES;
				CLANG_WARN_BOOL_CONVERSION = YES;
				CLANG_WARN_COMMA = YES;
				CLANG_WARN_CONSTANT_CONVERSION = YES;
				CLANG_WARN_DEPRECATED_OBJC_IMPLEMENTATIONS = YES;
				CLANG_WARN_DIRECT_OBJC_ISA_USAGE = YES_ERROR;
				CLANG_WARN_DOCUMENTATION_COMMENTS = YES;
				CLANG_WARN_EMPTY_BODY = YES;
				CLANG_WARN_ENUM_CONVERSION = YES;
				CLANG_WARN_INFINITE_RECURSION = YES;
				CLANG_WARN_INT_CONVERSION = YES;
				CLANG_WARN_NON_LITERAL_NULL_CONVERSION = YES;
				CLANG_WARN_OBJC_IMPLICIT_RETAIN_SELF = YES;
				CLANG_WARN_OBJC_LITERAL_CONVERSION = YES;
				CLANG_WARN_OBJC_ROOT_CLASS = YES_ERROR;
				CLANG_WARN_QUOTED_INCLUDE_IN_FRAMEWORK_HEADER = YES;
				CLANG_WARN_RANGE_LOOP_ANALYSIS = YES;
				CLANG_WARN_STRICT_PROTOTYPES = YES;
				CLANG_WARN_SUSPICIOUS_MOVE = YES;
				CLANG_WARN_UNGUARDED_AVAILABILITY = YES_AGGRESSIVE;
				CLANG_WARN_UNREACHABLE_CODE = YES;
				CLANG_WARN__DUPLICATE_METHOD_MATCH = YES;
				COPY_PHASE_STRIP = NO;
				DEBUG_INFORMATION_FORMAT = dwarf;
				ENABLE_STRICT_OBJC_MSGSEND = YES;
				ENABLE_TESTABILITY = YES;
				GCC_C_LANGUAGE_STANDARD = gnu11;
				GCC_DYNAMIC_NO_PIC = NO;
				GCC_NO_COMMON_BLOCKS = YES;
				GCC_OPTIMIZATION_LEVEL = 0;
				GCC_PREPROCESSOR_DEFINITIONS = (
					"DEBUG=1",
					"$(inherited)",
				);
				GCC_WARN_64_TO_32_BIT_CONVERSION = YES;
				GCC_WARN_ABOUT_RETURN_TYPE = YES_ERROR;
				GCC_WARN_UNDECLARED_SELECTOR = YES;
				GCC_WARN_UNINITIALIZED_AUTOS = YES_AGGRESSIVE;
				GCC_WARN_UNUSED_FUNCTION = YES;
				GCC_WARN_UNUSED_VARIABLE = YES;
				IPHONEOS_DEPLOYMENT_TARGET = 15.0;
				MTL_ENABLE_DEBUG_INFO = INCLUDE_SOURCE;
				MTL_FAST_MATH = YES;
				ONLY_ACTIVE_ARCH = YES;
				SDKROOT = iphoneos;
				SWIFT_ACTIVE_COMPILATION_CONDITIONS = DEBUG;
				SWIFT_OPTIMIZATION_LEVEL = "-Onone";
			};
			name = Debug;
		};
		858D8BBC29B5EB9E00B3AFD0 /* Release */ = {
			isa = XCBuildConfiguration;
			buildSettings = {
				ALWAYS_SEARCH_USER_PATHS = NO;
				CLANG_ANALYZER_NONNULL = YES;
				CLANG_ANALYZER_NUMBER_OBJECT_CONVERSION = YES_AGGRESSIVE;
				CLANG_CXX_LANGUAGE_STANDARD = "gnu++20";
				CLANG_ENABLE_MODULES = YES;
				CLANG_ENABLE_OBJC_ARC = YES;
				CLANG_ENABLE_OBJC_WEAK = YES;
				CLANG_WARN_BLOCK_CAPTURE_AUTORELEASING = YES;
				CLANG_WARN_BOOL_CONVERSION = YES;
				CLANG_WARN_COMMA = YES;
				CLANG_WARN_CONSTANT_CONVERSION = YES;
				CLANG_WARN_DEPRECATED_OBJC_IMPLEMENTATIONS = YES;
				CLANG_WARN_DIRECT_OBJC_ISA_USAGE = YES_ERROR;
				CLANG_WARN_DOCUMENTATION_COMMENTS = YES;
				CLANG_WARN_EMPTY_BODY = YES;
				CLANG_WARN_ENUM_CONVERSION = YES;
				CLANG_WARN_INFINITE_RECURSION = YES;
				CLANG_WARN_INT_CONVERSION = YES;
				CLANG_WARN_NON_LITERAL_NULL_CONVERSION = YES;
				CLANG_WARN_OBJC_IMPLICIT_RETAIN_SELF = YES;
				CLANG_WARN_OBJC_LITERAL_CONVERSION = YES;
				CLANG_WARN_OBJC_ROOT_CLASS = YES_ERROR;
				CLANG_WARN_QUOTED_INCLUDE_IN_FRAMEWORK_HEADER = YES;
				CLANG_WARN_RANGE_LOOP_ANALYSIS = YES;
				CLANG_WARN_STRICT_PROTOTYPES = YES;
				CLANG_WARN_SUSPICIOUS_MOVE = YES;
				CLANG_WARN_UNGUARDED_AVAILABILITY = YES_AGGRESSIVE;
				CLANG_WARN_UNREACHABLE_CODE = YES;
				CLANG_WARN__DUPLICATE_METHOD_MATCH = YES;
				COPY_PHASE_STRIP = NO;
				DEBUG_INFORMATION_FORMAT = "dwarf-with-dsym";
				ENABLE_NS_ASSERTIONS = NO;
				ENABLE_STRICT_OBJC_MSGSEND = YES;
				GCC_C_LANGUAGE_STANDARD = gnu11;
				GCC_NO_COMMON_BLOCKS = YES;
				GCC_WARN_64_TO_32_BIT_CONVERSION = YES;
				GCC_WARN_ABOUT_RETURN_TYPE = YES_ERROR;
				GCC_WARN_UNDECLARED_SELECTOR = YES;
				GCC_WARN_UNINITIALIZED_AUTOS = YES_AGGRESSIVE;
				GCC_WARN_UNUSED_FUNCTION = YES;
				GCC_WARN_UNUSED_VARIABLE = YES;
				IPHONEOS_DEPLOYMENT_TARGET = 15.0;
				MTL_ENABLE_DEBUG_INFO = NO;
				MTL_FAST_MATH = YES;
				SDKROOT = iphoneos;
				SWIFT_COMPILATION_MODE = wholemodule;
				SWIFT_OPTIMIZATION_LEVEL = "-O";
				VALIDATE_PRODUCT = YES;
			};
			name = Release;
		};
		858D8BBE29B5EB9E00B3AFD0 /* Debug */ = {
			isa = XCBuildConfiguration;
			buildSettings = {
				ASSETCATALOG_COMPILER_APPICON_NAME = AppIcon;
				ASSETCATALOG_COMPILER_GLOBAL_ACCENT_COLOR_NAME = AccentColor;
				CODE_SIGN_STYLE = Automatic;
				CURRENT_PROJECT_VERSION = 1;
				DEVELOPMENT_TEAM = AD68QC49BY;
				GENERATE_INFOPLIST_FILE = YES;
				INFOPLIST_FILE = KoalaChat/Info.plist;
				INFOPLIST_KEY_UIApplicationSupportsIndirectInputEvents = YES;
				INFOPLIST_KEY_UILaunchStoryboardName = LaunchScreen;
				INFOPLIST_KEY_UIMainStoryboardFile = Main;
				INFOPLIST_KEY_UISupportedInterfaceOrientations_iPad = "UIInterfaceOrientationPortrait UIInterfaceOrientationPortraitUpsideDown UIInterfaceOrientationLandscapeLeft UIInterfaceOrientationLandscapeRight";
				INFOPLIST_KEY_UISupportedInterfaceOrientations_iPhone = "UIInterfaceOrientationPortrait UIInterfaceOrientationLandscapeLeft UIInterfaceOrientationLandscapeRight";
				LD_RUNPATH_SEARCH_PATHS = (
					"$(inherited)",
					"@executable_path/Frameworks",
				);
				MARKETING_VERSION = 1.0;
				PRODUCT_BUNDLE_IDENTIFIER = com.anjaseidel.KoalaChat;
				PRODUCT_NAME = "$(TARGET_NAME)";
				SWIFT_EMIT_LOC_STRINGS = YES;
				SWIFT_VERSION = 5.0;
				TARGETED_DEVICE_FAMILY = "1,2";
			};
			name = Debug;
		};
		858D8BBF29B5EB9E00B3AFD0 /* Release */ = {
			isa = XCBuildConfiguration;
			buildSettings = {
				ASSETCATALOG_COMPILER_APPICON_NAME = AppIcon;
				ASSETCATALOG_COMPILER_GLOBAL_ACCENT_COLOR_NAME = AccentColor;
				CODE_SIGN_STYLE = Automatic;
				CURRENT_PROJECT_VERSION = 1;
				DEVELOPMENT_TEAM = AD68QC49BY;
				GENERATE_INFOPLIST_FILE = YES;
				INFOPLIST_FILE = KoalaChat/Info.plist;
				INFOPLIST_KEY_UIApplicationSupportsIndirectInputEvents = YES;
				INFOPLIST_KEY_UILaunchStoryboardName = LaunchScreen;
				INFOPLIST_KEY_UIMainStoryboardFile = Main;
				INFOPLIST_KEY_UISupportedInterfaceOrientations_iPad = "UIInterfaceOrientationPortrait UIInterfaceOrientationPortraitUpsideDown UIInterfaceOrientationLandscapeLeft UIInterfaceOrientationLandscapeRight";
				INFOPLIST_KEY_UISupportedInterfaceOrientations_iPhone = "UIInterfaceOrientationPortrait UIInterfaceOrientationLandscapeLeft UIInterfaceOrientationLandscapeRight";
				LD_RUNPATH_SEARCH_PATHS = (
					"$(inherited)",
					"@executable_path/Frameworks",
				);
				MARKETING_VERSION = 1.0;
				PRODUCT_BUNDLE_IDENTIFIER = com.anjaseidel.KoalaChat;
				PRODUCT_NAME = "$(TARGET_NAME)";
				SWIFT_EMIT_LOC_STRINGS = YES;
				SWIFT_VERSION = 5.0;
				TARGETED_DEVICE_FAMILY = "1,2";
			};
			name = Release;
		};
/* End XCBuildConfiguration section */

/* Begin XCConfigurationList section */
		858D8BA429B5EB9700B3AFD0 /* Build configuration list for PBXProject "KoalaChat" */ = {
			isa = XCConfigurationList;
			buildConfigurations = (
				858D8BBB29B5EB9E00B3AFD0 /* Debug */,
				858D8BBC29B5EB9E00B3AFD0 /* Release */,
			);
			defaultConfigurationIsVisible = 0;
			defaultConfigurationName = Release;
		};
		858D8BBD29B5EB9E00B3AFD0 /* Build configuration list for PBXNativeTarget "KoalaChat" */ = {
			isa = XCConfigurationList;
			buildConfigurations = (
				858D8BBE29B5EB9E00B3AFD0 /* Debug */,
				858D8BBF29B5EB9E00B3AFD0 /* Release */,
			);
			defaultConfigurationIsVisible = 0;
			defaultConfigurationName = Release;
		};
/* End XCConfigurationList section */

/* Begin XCRemoteSwiftPackageReference section */
		85A8A1A529BA2CE600DBAC15 /* XCRemoteSwiftPackageReference "IQKeyboardManager" */ = {
			isa = XCRemoteSwiftPackageReference;
			repositoryURL = "https://github.com/hackiftekhar/IQKeyboardManager";
			requirement = {
				branch = master;
				kind = branch;
			};
		};
		85A8A1A829BA362A00DBAC15 /* XCRemoteSwiftPackageReference "firebase-ios-sdk" */ = {
			isa = XCRemoteSwiftPackageReference;
			repositoryURL = "https://github.com/firebase/firebase-ios-sdk";
			requirement = {
				kind = upToNextMajorVersion;
				minimumVersion = 9.0.0;
			};
		};
/* End XCRemoteSwiftPackageReference section */

/* Begin XCSwiftPackageProductDependency section */
		85A8A1A629BA2CE600DBAC15 /* IQKeyboardManagerSwift */ = {
			isa = XCSwiftPackageProductDependency;
			package = 85A8A1A529BA2CE600DBAC15 /* XCRemoteSwiftPackageReference "IQKeyboardManager" */;
			productName = IQKeyboardManagerSwift;
		};
		85A8A1A929BA362A00DBAC15 /* FirebaseAuth */ = {
			isa = XCSwiftPackageProductDependency;
			package = 85A8A1A829BA362A00DBAC15 /* XCRemoteSwiftPackageReference "firebase-ios-sdk" */;
			productName = FirebaseAuth;
		};
		85A8A1AB29BA362A00DBAC15 /* FirebaseFirestore */ = {
			isa = XCSwiftPackageProductDependency;
			package = 85A8A1A829BA362A00DBAC15 /* XCRemoteSwiftPackageReference "firebase-ios-sdk" */;
			productName = FirebaseFirestore;
		};
		D314F0092A27714400B4B4FD /* FirebaseStorage */ = {
			isa = XCSwiftPackageProductDependency;
			package = 85A8A1A829BA362A00DBAC15 /* XCRemoteSwiftPackageReference "firebase-ios-sdk" */;
			productName = FirebaseStorage;
		};
		D32AB0D92A1FBAEE004899C2 /* FirebaseDatabase */ = {
			isa = XCSwiftPackageProductDependency;
			package = 85A8A1A829BA362A00DBAC15 /* XCRemoteSwiftPackageReference "firebase-ios-sdk" */;
			productName = FirebaseDatabase;
		};
		D32AB0DB2A1FBAEE004899C2 /* FirebaseDatabaseSwift */ = {
			isa = XCSwiftPackageProductDependency;
			package = 85A8A1A829BA362A00DBAC15 /* XCRemoteSwiftPackageReference "firebase-ios-sdk" */;
			productName = FirebaseDatabaseSwift;
		};
/* End XCSwiftPackageProductDependency section */
	};
	rootObject = 858D8BA129B5EB9700B3AFD0 /* Project object */;
}
